// !$*UTF8*$!
{
	archiveVersion = 1;
	classes = {
	};
	objectVersion = 46;
	objects = {

/* Begin PBXBuildFile section */
		D61347A315FBA2000078B8A4 /* json.rb in Resources */ = {isa = PBXBuildFile; fileRef = D693341215B59986003832AA /* json.rb */; };
		D61CB65613E8A835007ECF89 /* related-crash-report.rb in Resources */ = {isa = PBXBuildFile; fileRef = D6719F8013A2F5B3002FE41C /* related-crash-report.rb */; };
		D65923AB139E2AE600E4A9D3 /* CrashWatcher.xib in Resources */ = {isa = PBXBuildFile; fileRef = D65923AA139E2AE600E4A9D3 /* CrashWatcher.xib */; };
		D666901613E8B16100A9FE74 /* extract-crash-info.rb in Resources */ = {isa = PBXBuildFile; fileRef = D6BDB685139E1E7100501FAA /* extract-crash-info.rb */; };
		D6774F9213A313C900CA6F7A /* Localizable.strings in Resources */ = {isa = PBXBuildFile; fileRef = D6774F8E13A313C900CA6F7A /* Localizable.strings */; };
		D6BDB63B139E1B6F00501FAA /* Cocoa.framework in Frameworks */ = {isa = PBXBuildFile; fileRef = D6BDB63A139E1B6F00501FAA /* Cocoa.framework */; };
		D6BDB665139E1C7C00501FAA /* main.m in Sources */ = {isa = PBXBuildFile; fileRef = D6BDB65F139E1C7C00501FAA /* main.m */; };
		D6BDB667139E1C7C00501FAA /* CrashLogFinder.m in Sources */ = {isa = PBXBuildFile; fileRef = D6BDB664139E1C7C00501FAA /* CrashLogFinder.m */; };
		D6BDB6B1139E1E7100501FAA /* CrashWatcher.icns in Resources */ = {isa = PBXBuildFile; fileRef = D6BDB670139E1E7100501FAA /* CrashWatcher.icns */; };
		D6BDB6CC139E1E7100501FAA /* upload-gist.rb in Resources */ = {isa = PBXBuildFile; fileRef = D6BDB6AF139E1E7100501FAA /* upload-gist.rb */; };
/* End PBXBuildFile section */

/* Begin PBXFileReference section */
		D61CB65413E8A835007ECF89 /* German */ = {isa = PBXFileReference; lastKnownFileType = text.plist.strings; name = German; path = "../crashwatcher-resources/German.lproj/Localizable.strings"; sourceTree = "<group>"; };
		D61CB65513E8A835007ECF89 /* zh_TW */ = {isa = PBXFileReference; lastKnownFileType = text.plist.strings; name = zh_TW; path = "../crashwatcher-resources/zh_TW.lproj/Localizable.strings"; sourceTree = "<group>"; };
		D63317F415C00F0F00B05623 /* Croatian */ = {isa = PBXFileReference; lastKnownFileType = text.plist.strings; name = Croatian; path = "../crashwatcher-resources/Croatian.lproj/Localizable.strings"; sourceTree = "<group>"; };
		D63317F715C00F2000B05623 /* Dutch */ = {isa = PBXFileReference; lastKnownFileType = text.plist.strings; name = Dutch; path = "../crashwatcher-resources/Dutch.lproj/Localizable.strings"; sourceTree = "<group>"; };
		D63317F815C00F2000B05623 /* French */ = {isa = PBXFileReference; lastKnownFileType = text.plist.strings; name = French; path = "../crashwatcher-resources/French.lproj/Localizable.strings"; sourceTree = "<group>"; };
		D63317F915C00F2000B05623 /* hu */ = {isa = PBXFileReference; lastKnownFileType = text.plist.strings; name = hu; path = "../crashwatcher-resources/hu.lproj/Localizable.strings"; sourceTree = "<group>"; };
		D63317FD15C00F3100B05623 /* ko */ = {isa = PBXFileReference; lastKnownFileType = text.plist.strings; name = ko; path = "../crashwatcher-resources/ko.lproj/Localizable.strings"; sourceTree = "<group>"; };
		D63317FE15C00F3100B05623 /* mn */ = {isa = PBXFileReference; lastKnownFileType = text.plist.strings; name = mn; path = "../crashwatcher-resources/mn.lproj/Localizable.strings"; sourceTree = "<group>"; };
		D63317FF15C00F3100B05623 /* no */ = {isa = PBXFileReference; lastKnownFileType = text.plist.strings; name = no; path = "../crashwatcher-resources/no.lproj/Localizable.strings"; sourceTree = "<group>"; };
		D633180015C00F3100B05623 /* Portuguese */ = {isa = PBXFileReference; lastKnownFileType = text.plist.strings; name = Portuguese; path = "../crashwatcher-resources/Portuguese.lproj/Localizable.strings"; sourceTree = "<group>"; };
		D633180115C00F3100B05623 /* pt_PT */ = {isa = PBXFileReference; lastKnownFileType = text.plist.strings; name = pt_PT; path = "../crashwatcher-resources/pt_PT.lproj/Localizable.strings"; sourceTree = "<group>"; };
		D633180715C00F3E00B05623 /* Romanian */ = {isa = PBXFileReference; lastKnownFileType = text.plist.strings; name = Romanian; path = "../crashwatcher-resources/Romanian.lproj/Localizable.strings"; sourceTree = "<group>"; };
		D633180815C00F3F00B05623 /* Russian */ = {isa = PBXFileReference; lastKnownFileType = text.plist.strings; name = Russian; path = "../crashwatcher-resources/Russian.lproj/Localizable.strings"; sourceTree = "<group>"; };
		D633180915C00F3F00B05623 /* Turkish */ = {isa = PBXFileReference; lastKnownFileType = text.plist.strings; name = Turkish; path = "../crashwatcher-resources/Turkish.lproj/Localizable.strings"; sourceTree = "<group>"; };
		D633180A15C00F3F00B05623 /* Ukrainian */ = {isa = PBXFileReference; lastKnownFileType = text.plist.strings; name = Ukrainian; path = "../crashwatcher-resources/Ukrainian.lproj/Localizable.strings"; sourceTree = "<group>"; };
		D644210B17FA761100141925 /* CrashWatcher_Debug_CrashWatcher.xcconfig */ = {isa = PBXFileReference; fileEncoding = 4; lastKnownFileType = text.xcconfig; name = CrashWatcher_Debug_CrashWatcher.xcconfig; path = CrashWatcher.xcconfigs/CrashWatcher_Debug_CrashWatcher.xcconfig; sourceTree = "<group>"; };
		D644210C17FA761100141925 /* CrashWatcher_Release_CrashWatcher.xcconfig */ = {isa = PBXFileReference; fileEncoding = 4; lastKnownFileType = text.xcconfig; name = CrashWatcher_Release_CrashWatcher.xcconfig; path = CrashWatcher.xcconfigs/CrashWatcher_Release_CrashWatcher.xcconfig; sourceTree = "<group>"; };
		D65923A7139E2A1400E4A9D3 /* CrashWatcher-Info.plist */ = {isa = PBXFileReference; fileEncoding = 4; lastKnownFileType = text.plist.xml; path = "CrashWatcher-Info.plist"; sourceTree = SOURCE_ROOT; };
		D65923A8139E2A1400E4A9D3 /* CrashWatcher-Prefix.pch */ = {isa = PBXFileReference; fileEncoding = 4; lastKnownFileType = sourcecode.c.h; path = "CrashWatcher-Prefix.pch"; sourceTree = SOURCE_ROOT; };
		D65923AA139E2AE600E4A9D3 /* CrashWatcher.xib */ = {isa = PBXFileReference; fileEncoding = 4; lastKnownFileType = file.xib; name = CrashWatcher.xib; path = "../crashwatcher-resources/CrashWatcher.xib"; sourceTree = "<group>"; };
		D66BF26E15FBA06700274E15 /* Vietnamese */ = {isa = PBXFileReference; lastKnownFileType = text.plist.strings; name = Vietnamese; path = "../crashwatcher-resources/Vietnamese.lproj/Localizable.strings"; sourceTree = "<group>"; };
		D66BF26F15FBA06700274E15 /* Polish */ = {isa = PBXFileReference; lastKnownFileType = text.plist.strings; name = Polish; path = "../crashwatcher-resources/Polish.lproj/Localizable.strings"; sourceTree = "<group>"; };
		D6719F7C13A2556E002FE41C /* CoreServices.framework */ = {isa = PBXFileReference; lastKnownFileType = wrapper.framework; name = CoreServices.framework; path = System/Library/Frameworks/CoreServices.framework; sourceTree = SDKROOT; };
		D6719F8013A2F5B3002FE41C /* related-crash-report.rb */ = {isa = PBXFileReference; fileEncoding = 4; lastKnownFileType = text.script.ruby; name = "related-crash-report.rb"; path = "../crashwatcher-resources/related-crash-report.rb"; sourceTree = "<group>"; };
		D6774F8F13A313C900CA6F7A /* English */ = {isa = PBXFileReference; lastKnownFileType = text.plist.strings; name = English; path = "../crashwatcher-resources/English.lproj/Localizable.strings"; sourceTree = "<group>"; };
		D685C57613A36BE000A23F94 /* CrashWatcher.app */ = {isa = PBXFileReference; explicitFileType = wrapper.application; includeInIndex = 0; path = CrashWatcher.app; sourceTree = BUILT_PRODUCTS_DIR; };
		D685C59413A3983400A23F94 /* Italian */ = {isa = PBXFileReference; lastKnownFileType = text.plist.strings; name = Italian; path = "../crashwatcher-resources/Italian.lproj/Localizable.strings"; sourceTree = "<group>"; };
		D685C59513A3983400A23F94 /* Spanish */ = {isa = PBXFileReference; lastKnownFileType = text.plist.strings; name = Spanish; path = "../crashwatcher-resources/Spanish.lproj/Localizable.strings"; sourceTree = "<group>"; };
		D693341215B59986003832AA /* json.rb */ = {isa = PBXFileReference; fileEncoding = 4; lastKnownFileType = text.script.ruby; name = json.rb; path = "../crashwatcher-resources/json.rb"; sourceTree = "<group>"; };
		D69D296013F02F7200C7A5A2 /* fi */ = {isa = PBXFileReference; lastKnownFileType = text.plist.strings; name = fi; path = "../crashwatcher-resources/fi.lproj/Localizable.strings"; sourceTree = "<group>"; };
		D6A1D77D186E528700AD5B79 /* Arabic */ = {isa = PBXFileReference; lastKnownFileType = text.plist.strings; name = Arabic; path = "../crashwatcher-resources/Arabic.lproj/Localizable.strings"; sourceTree = "<group>"; };
		D6A1D77E186E528700AD5B79 /* Czech */ = {isa = PBXFileReference; lastKnownFileType = text.plist.strings; name = Czech; path = "../crashwatcher-resources/Czech.lproj/Localizable.strings"; sourceTree = "<group>"; };
		D6A1D77F186E528700AD5B79 /* Estonian */ = {isa = PBXFileReference; lastKnownFileType = text.plist.strings; name = Estonian; path = "../crashwatcher-resources/Estonian.lproj/Localizable.strings"; sourceTree = "<group>"; };
		D6A1D780186E529400AD5B79 /* Greek */ = {isa = PBXFileReference; lastKnownFileType = text.plist.strings; name = Greek; path = "../crashwatcher-resources/Greek.lproj/Localizable.strings"; sourceTree = "<group>"; };
		D6A1D781186E529400AD5B79 /* Hindi */ = {isa = PBXFileReference; lastKnownFileType = text.plist.strings; name = Hindi; path = "../crashwatcher-resources/Hindi.lproj/Localizable.strings"; sourceTree = "<group>"; };
		D6A1D782186E529400AD5B79 /* Japanese */ = {isa = PBXFileReference; lastKnownFileType = text.plist.strings; name = Japanese; path = "../crashwatcher-resources/Japanese.lproj/Localizable.strings"; sourceTree = "<group>"; };
		D6A1D783186E52A500AD5B79 /* sv */ = {isa = PBXFileReference; lastKnownFileType = text.plist.strings; name = sv; path = "../crashwatcher-resources/sv.lproj/Localizable.strings"; sourceTree = "<group>"; };
		D6BDB63A139E1B6F00501FAA /* Cocoa.framework */ = {isa = PBXFileReference; lastKnownFileType = wrapper.framework; name = Cocoa.framework; path = System/Library/Frameworks/Cocoa.framework; sourceTree = SDKROOT; };
		D6BDB63D139E1B6F00501FAA /* AppKit.framework */ = {isa = PBXFileReference; lastKnownFileType = wrapper.framework; name = AppKit.framework; path = System/Library/Frameworks/AppKit.framework; sourceTree = SDKROOT; };
		D6BDB63E139E1B6F00501FAA /* CoreData.framework */ = {isa = PBXFileReference; lastKnownFileType = wrapper.framework; name = CoreData.framework; path = System/Library/Frameworks/CoreData.framework; sourceTree = SDKROOT; };
		D6BDB63F139E1B6F00501FAA /* Foundation.framework */ = {isa = PBXFileReference; lastKnownFileType = wrapper.framework; name = Foundation.framework; path = System/Library/Frameworks/Foundation.framework; sourceTree = SDKROOT; };
		D6BDB65E139E1C7C00501FAA /* main.h */ = {isa = PBXFileReference; fileEncoding = 4; lastKnownFileType = sourcecode.c.h; path = main.h; sourceTree = "<group>"; };
		D6BDB65F139E1C7C00501FAA /* main.m */ = {isa = PBXFileReference; fileEncoding = 4; lastKnownFileType = sourcecode.c.objc; path = main.m; sourceTree = "<group>"; };
		D6BDB663139E1C7C00501FAA /* CrashLogFinder.h */ = {isa = PBXFileReference; fileEncoding = 4; lastKnownFileType = sourcecode.c.h; path = CrashLogFinder.h; sourceTree = "<group>"; };
		D6BDB664139E1C7C00501FAA /* CrashLogFinder.m */ = {isa = PBXFileReference; fileEncoding = 4; lastKnownFileType = sourcecode.c.objc; path = CrashLogFinder.m; sourceTree = "<group>"; };
		D6BDB670139E1E7100501FAA /* CrashWatcher.icns */ = {isa = PBXFileReference; lastKnownFileType = image.icns; name = CrashWatcher.icns; path = "../crashwatcher-resources/CrashWatcher.icns"; sourceTree = "<group>"; };
		D6BDB685139E1E7100501FAA /* extract-crash-info.rb */ = {isa = PBXFileReference; fileEncoding = 4; lastKnownFileType = text.script.ruby; name = "extract-crash-info.rb"; path = "../crashwatcher-resources/extract-crash-info.rb"; sourceTree = "<group>"; };
		D6BDB6AF139E1E7100501FAA /* upload-gist.rb */ = {isa = PBXFileReference; fileEncoding = 4; lastKnownFileType = text.script.ruby; name = "upload-gist.rb"; path = "../crashwatcher-resources/upload-gist.rb"; sourceTree = "<group>"; };
		D6F1A95B13E8A4AA00A1752A /* zh_CN */ = {isa = PBXFileReference; lastKnownFileType = text.plist.strings; name = zh_CN; path = "../crashwatcher-resources/zh_CN.lproj/Localizable.strings"; sourceTree = "<group>"; };
/* End PBXFileReference section */

/* Begin PBXFrameworksBuildPhase section */
		D6BDB633139E1B6F00501FAA /* Frameworks */ = {
			isa = PBXFrameworksBuildPhase;
			buildActionMask = 2147483647;
			files = (
				D6BDB63B139E1B6F00501FAA /* Cocoa.framework in Frameworks */,
			);
			runOnlyForDeploymentPostprocessing = 0;
		};
/* End PBXFrameworksBuildPhase section */

/* Begin PBXGroup section */
		D644210A17FA760600141925 /* Configs */ = {
			isa = PBXGroup;
			children = (
				D644210B17FA761100141925 /* CrashWatcher_Debug_CrashWatcher.xcconfig */,
				D644210C17FA761100141925 /* CrashWatcher_Release_CrashWatcher.xcconfig */,
			);
			name = Configs;
			sourceTree = "<group>";
		};
		D6BDB62B139E1B6F00501FAA = {
			isa = PBXGroup;
			children = (
				D644210A17FA760600141925 /* Configs */,
				D6BDB65D139E1C6900501FAA /* Source */,
				D6BDB66E139E1E4200501FAA /* Resources */,
				D6BDB640139E1B6F00501FAA /* Support */,
				D6BDB639139E1B6F00501FAA /* Frameworks */,
				D685C57613A36BE000A23F94 /* CrashWatcher.app */,
			);
			sourceTree = "<group>";
		};
		D6BDB639139E1B6F00501FAA /* Frameworks */ = {
			isa = PBXGroup;
			children = (
				D6BDB63C139E1B6F00501FAA /* Other Frameworks */,
			);
			name = Frameworks;
			sourceTree = "<group>";
		};
		D6BDB63C139E1B6F00501FAA /* Other Frameworks */ = {
			isa = PBXGroup;
			children = (
				D6719F7C13A2556E002FE41C /* CoreServices.framework */,
				D6BDB63A139E1B6F00501FAA /* Cocoa.framework */,
				D6BDB63D139E1B6F00501FAA /* AppKit.framework */,
				D6BDB63E139E1B6F00501FAA /* CoreData.framework */,
				D6BDB63F139E1B6F00501FAA /* Foundation.framework */,
			);
			name = "Other Frameworks";
			sourceTree = "<group>";
		};
		D6BDB640139E1B6F00501FAA /* Support */ = {
			isa = PBXGroup;
			children = (
				D65923A7139E2A1400E4A9D3 /* CrashWatcher-Info.plist */,
				D65923A8139E2A1400E4A9D3 /* CrashWatcher-Prefix.pch */,
			);
			name = Support;
			path = CrashWatcher;
			sourceTree = "<group>";
		};
		D6BDB65D139E1C6900501FAA /* Source */ = {
			isa = PBXGroup;
			children = (
				D6BDB65E139E1C7C00501FAA /* main.h */,
				D6BDB65F139E1C7C00501FAA /* main.m */,
				D6BDB663139E1C7C00501FAA /* CrashLogFinder.h */,
				D6BDB664139E1C7C00501FAA /* CrashLogFinder.m */,
			);
			name = Source;
			sourceTree = "<group>";
		};
		D6BDB66E139E1E4200501FAA /* Resources */ = {
			isa = PBXGroup;
			children = (
				D693341215B59986003832AA /* json.rb */,
				D6774F8E13A313C900CA6F7A /* Localizable.strings */,
				D6719F8013A2F5B3002FE41C /* related-crash-report.rb */,
				D65923AA139E2AE600E4A9D3 /* CrashWatcher.xib */,
				D6BDB670139E1E7100501FAA /* CrashWatcher.icns */,
				D6BDB685139E1E7100501FAA /* extract-crash-info.rb */,
				D6BDB6AF139E1E7100501FAA /* upload-gist.rb */,
			);
			name = Resources;
			sourceTree = "<group>";
		};
/* End PBXGroup section */

/* Begin PBXNativeTarget section */
		D6BDB635139E1B6F00501FAA /* CrashWatcher */ = {
			isa = PBXNativeTarget;
			buildConfigurationList = D6BDB654139E1B6F00501FAA /* Build configuration list for PBXNativeTarget "CrashWatcher" */;
			buildPhases = (
				D6BDB632139E1B6F00501FAA /* Sources */,
				D6BDB633139E1B6F00501FAA /* Frameworks */,
				D6BDB634139E1B6F00501FAA /* Resources */,
			);
			buildRules = (
			);
			dependencies = (
			);
			name = CrashWatcher;
			productName = CrashWatcher;
			productReference = D685C57613A36BE000A23F94 /* CrashWatcher.app */;
			productType = "com.apple.product-type.application";
		};
/* End PBXNativeTarget section */

/* Begin PBXProject section */
		D6BDB62D139E1B6F00501FAA /* Project object */ = {
			isa = PBXProject;
			attributes = {
				LastUpgradeCheck = 0510;
			};
			buildConfigurationList = D6BDB630139E1B6F00501FAA /* Build configuration list for PBXProject "CrashWatcher" */;
			compatibilityVersion = "Xcode 3.2";
			developmentRegion = English;
			hasScannedForEncodings = 0;
			knownRegions = (
				en,
				da,
				de,
				English,
				es,
				fr,
				it,
				ja,
				nl,
				no,
				sl,
				sv,
				tr,
				Italian,
				Spanish,
				German,
				zh_CN,
				zh_TW,
				fi,
				Croatian,
				Dutch,
				French,
				hu,
				ko,
				mn,
				Portuguese,
				pt_PT,
				Romanian,
				Russian,
				Turkish,
				Ukrainian,
				Vietnamese,
				Polish,
				Arabic,
				Czech,
				Estonian,
				Greek,
				Hindi,
				Japanese,
			);
			mainGroup = D6BDB62B139E1B6F00501FAA;
			productRefGroup = D6BDB62B139E1B6F00501FAA;
			projectDirPath = "";
			projectRoot = "";
			targets = (
				D6BDB635139E1B6F00501FAA /* CrashWatcher */,
			);
		};
/* End PBXProject section */

/* Begin PBXResourcesBuildPhase section */
		D6BDB634139E1B6F00501FAA /* Resources */ = {
			isa = PBXResourcesBuildPhase;
			buildActionMask = 2147483647;
			files = (
				D61347A315FBA2000078B8A4 /* json.rb in Resources */,
				D6774F9213A313C900CA6F7A /* Localizable.strings in Resources */,
				D6BDB6B1139E1E7100501FAA /* CrashWatcher.icns in Resources */,
				D6BDB6CC139E1E7100501FAA /* upload-gist.rb in Resources */,
				D666901613E8B16100A9FE74 /* extract-crash-info.rb in Resources */,
				D61CB65613E8A835007ECF89 /* related-crash-report.rb in Resources */,
				D65923AB139E2AE600E4A9D3 /* CrashWatcher.xib in Resources */,
			);
			runOnlyForDeploymentPostprocessing = 0;
		};
/* End PBXResourcesBuildPhase section */

/* Begin PBXSourcesBuildPhase section */
		D6BDB632139E1B6F00501FAA /* Sources */ = {
			isa = PBXSourcesBuildPhase;
			buildActionMask = 2147483647;
			files = (
				D6BDB665139E1C7C00501FAA /* main.m in Sources */,
				D6BDB667139E1C7C00501FAA /* CrashLogFinder.m in Sources */,
			);
			runOnlyForDeploymentPostprocessing = 0;
		};
/* End PBXSourcesBuildPhase section */

/* Begin PBXVariantGroup section */
		D6774F8E13A313C900CA6F7A /* Localizable.strings */ = {
			isa = PBXVariantGroup;
			children = (
				D6774F8F13A313C900CA6F7A /* English */,
				D685C59413A3983400A23F94 /* Italian */,
				D685C59513A3983400A23F94 /* Spanish */,
				D6F1A95B13E8A4AA00A1752A /* zh_CN */,
				D61CB65413E8A835007ECF89 /* German */,
				D61CB65513E8A835007ECF89 /* zh_TW */,
				D69D296013F02F7200C7A5A2 /* fi */,
				D63317F415C00F0F00B05623 /* Croatian */,
				D63317F715C00F2000B05623 /* Dutch */,
				D63317F815C00F2000B05623 /* French */,
				D63317F915C00F2000B05623 /* hu */,
				D63317FD15C00F3100B05623 /* ko */,
				D63317FE15C00F3100B05623 /* mn */,
				D63317FF15C00F3100B05623 /* no */,
				D633180015C00F3100B05623 /* Portuguese */,
				D633180115C00F3100B05623 /* pt_PT */,
				D633180715C00F3E00B05623 /* Romanian */,
				D633180815C00F3F00B05623 /* Russian */,
				D633180915C00F3F00B05623 /* Turkish */,
				D633180A15C00F3F00B05623 /* Ukrainian */,
				D66BF26E15FBA06700274E15 /* Vietnamese */,
				D66BF26F15FBA06700274E15 /* Polish */,
				D6A1D77D186E528700AD5B79 /* Arabic */,
				D6A1D77E186E528700AD5B79 /* Czech */,
				D6A1D77F186E528700AD5B79 /* Estonian */,
				D6A1D780186E529400AD5B79 /* Greek */,
				D6A1D781186E529400AD5B79 /* Hindi */,
				D6A1D782186E529400AD5B79 /* Japanese */,
				D6A1D783186E52A500AD5B79 /* sv */,
			);
			name = Localizable.strings;
			sourceTree = "<group>";
		};
/* End PBXVariantGroup section */

/* Begin XCBuildConfiguration section */
		D6BDB652139E1B6F00501FAA /* Debug */ = {
			isa = XCBuildConfiguration;
			buildSettings = {
			};
			name = Debug;
		};
		D6BDB653139E1B6F00501FAA /* Release */ = {
			isa = XCBuildConfiguration;
			buildSettings = {
			};
			name = Release;
		};
		D6BDB655139E1B6F00501FAA /* Debug */ = {
			isa = XCBuildConfiguration;
			baseConfigurationReference = D644210B17FA761100141925 /* CrashWatcher_Debug_CrashWatcher.xcconfig */;
			buildSettings = {
			};
			name = Debug;
		};
		D6BDB656139E1B6F00501FAA /* Release */ = {
			isa = XCBuildConfiguration;
			baseConfigurationReference = D644210C17FA761100141925 /* CrashWatcher_Release_CrashWatcher.xcconfig */;
			buildSettings = {
			};
			name = Release;
		};
/* End XCBuildConfiguration section */

/* Begin XCConfigurationList section */
		D6BDB630139E1B6F00501FAA /* Build configuration list for PBXProject "CrashWatcher" */ = {
			isa = XCConfigurationList;
			buildConfigurations = (
				D6BDB652139E1B6F00501FAA /* Debug */,
				D6BDB653139E1B6F00501FAA /* Release */,
			);
			defaultConfigurationIsVisible = 0;
			defaultConfigurationName = Release;
		};
		D6BDB654139E1B6F00501FAA /* Build configuration list for PBXNativeTarget "CrashWatcher" */ = {
			isa = XCConfigurationList;
			buildConfigurations = (
				D6BDB655139E1B6F00501FAA /* Debug */,
				D6BDB656139E1B6F00501FAA /* Release */,
			);
			defaultConfigurationIsVisible = 0;
			defaultConfigurationName = Release;
		};
/* End XCConfigurationList section */
	};
	rootObject = D6BDB62D139E1B6F00501FAA /* Project object */;
}
